
Microsoft Visual Studio Solution File, Format Version 12.00
# Visual Studio Version 16
VisualStudioVersion = 16.0.29519.87
MinimumVisualStudioVersion = 10.0.40219.1
Project("{FAE04EC0-301F-11D3-BF4B-00C04F79EFBC}") = "Disc-Store", "WPF ev tapsirigi(verilib 2.05.2019)\Disc-Store.csproj", "{DEEFA776-4D9D-4987-8BF4-FCA895BEF521}"
EndProject
Global
	GlobalSection(SolutionConfigurationPlatforms) = preSolution
		Debug|Any CPU = Debug|Any CPU
		Release|Any CPU = Release|Any CPU
	EndGlobalSection
	GlobalSection(ProjectConfigurationPlatforms) = postSolution
		{DEEFA776-4D9D-4987-8BF4-FCA895BEF521}.Debug|Any CPU.ActiveCfg = Debug|Any CPU
		{DEEFA776-4D9D-4987-8BF4-FCA895BEF521}.Debug|Any CPU.Build.0 = Debug|Any CPU
		{DEEFA776-4D9D-4987-8BF4-FCA895BEF521}.Release|Any CPU.ActiveCfg = Release|Any CPU
		{DEEFA776-4D9D-4987-8BF4-FCA895BEF521}.Release|Any CPU.Build.0 = Release|Any CPU
	EndGlobalSection
	GlobalSection(SolutionProperties) = preSolution
		HideSolutionNode = FALSE
	EndGlobalSection
	GlobalSection(ExtensibilityGlobals) = postSolution
		SolutionGuid = {B0910EC5-749C-4F0C-A509-F9366347B261}
	EndGlobalSection
EndGlobal
